
Microsoft Visual Studio Solution File, Format Version 12.00
# Visual Studio Version 17
VisualStudioVersion = 17.3.32901.215
MinimumVisualStudioVersion = 10.0.40219.1
Project("{9A19103F-16F7-4668-BE54-9A1E7A4F7556}") = "Microsoft.Azure.WebJobs.CosmosDb.ChangeProcessor", "Microsoft.Azure.WebJobs.CosmosDb.ChangeProcessor\Microsoft.Azure.WebJobs.CosmosDb.ChangeProcessor.csproj", "{F3B7CB42-CE32-45B7-80CF-B5E5E9387547}"
EndProject
Project("{9A19103F-16F7-4668-BE54-9A1E7A4F7556}") = "Microsoft.Azure.WebJobs.CosmosDb.ChangeProcessor.Tests", "Microsoft.Azure.WebJobs.CosmosDb.ChangeProcessor.Tests\Microsoft.Azure.WebJobs.CosmosDb.ChangeProcessor.Tests.csproj", "{3172F04B-840A-41E1-B586-AEC5C74603F0}"
	ProjectSection(ProjectDependencies) = postProject
		{F3B7CB42-CE32-45B7-80CF-B5E5E9387547} = {F3B7CB42-CE32-45B7-80CF-B5E5E9387547}
	EndProjectSection
EndProject
Project("{9A19103F-16F7-4668-BE54-9A1E7A4F7556}") = "Microsoft.Azure.WebJobs.CosmosDb.Mongo", "Microsoft.Azure.WebJobs.CosmosDb.Mongo\Microsoft.Azure.WebJobs.CosmosDb.Mongo.csproj", "{0BFBE461-7EC5-4749-9AFA-EF93F04E38C1}"
EndProject
Project("{9A19103F-16F7-4668-BE54-9A1E7A4F7556}") = "Microsoft.Azure.WebJobs.CosmosDb.Mongo.Tests", "Microsoft.Azure.WebJobs.CosmosDb.Mongo.Tests\Microsoft.Azure.WebJobs.CosmosDb.Mongo.Tests.csproj", "{DA6E232B-F1DA-4252-BBA0-F88A4208FA4B}"
EndProject
Project("{FAE04EC0-301F-11D3-BF4B-00C04F79EFBC}") = "Sample", "Sample\Sample.csproj", "{7421755B-5FFC-48D5-805A-D4385B195088}"
	ProjectSection(ProjectDependencies) = postProject
		{0BFBE461-7EC5-4749-9AFA-EF93F04E38C1} = {0BFBE461-7EC5-4749-9AFA-EF93F04E38C1}
	EndProjectSection
EndProject
Global
	GlobalSection(SolutionConfigurationPlatforms) = preSolution
		Debug|Any CPU = Debug|Any CPU
		Release|Any CPU = Release|Any CPU
	EndGlobalSection
	GlobalSection(ProjectConfigurationPlatforms) = postSolution
		{F3B7CB42-CE32-45B7-80CF-B5E5E9387547}.Debug|Any CPU.ActiveCfg = Debug|Any CPU
		{F3B7CB42-CE32-45B7-80CF-B5E5E9387547}.Debug|Any CPU.Build.0 = Debug|Any CPU
		{F3B7CB42-CE32-45B7-80CF-B5E5E9387547}.Release|Any CPU.ActiveCfg = Release|Any CPU
		{F3B7CB42-CE32-45B7-80CF-B5E5E9387547}.Release|Any CPU.Build.0 = Release|Any CPU
		{3172F04B-840A-41E1-B586-AEC5C74603F0}.Debug|Any CPU.ActiveCfg = Debug|Any CPU
		{3172F04B-840A-41E1-B586-AEC5C74603F0}.Debug|Any CPU.Build.0 = Debug|Any CPU
		{3172F04B-840A-41E1-B586-AEC5C74603F0}.Release|Any CPU.ActiveCfg = Release|Any CPU
		{3172F04B-840A-41E1-B586-AEC5C74603F0}.Release|Any CPU.Build.0 = Release|Any CPU
		{0BFBE461-7EC5-4749-9AFA-EF93F04E38C1}.Debug|Any CPU.ActiveCfg = Debug|Any CPU
		{0BFBE461-7EC5-4749-9AFA-EF93F04E38C1}.Debug|Any CPU.Build.0 = Debug|Any CPU
		{0BFBE461-7EC5-4749-9AFA-EF93F04E38C1}.Release|Any CPU.ActiveCfg = Release|Any CPU
		{0BFBE461-7EC5-4749-9AFA-EF93F04E38C1}.Release|Any CPU.Build.0 = Release|Any CPU
		{DA6E232B-F1DA-4252-BBA0-F88A4208FA4B}.Debug|Any CPU.ActiveCfg = Debug|Any CPU
		{DA6E232B-F1DA-4252-BBA0-F88A4208FA4B}.Debug|Any CPU.Build.0 = Debug|Any CPU
		{DA6E232B-F1DA-4252-BBA0-F88A4208FA4B}.Release|Any CPU.ActiveCfg = Release|Any CPU
		{DA6E232B-F1DA-4252-BBA0-F88A4208FA4B}.Release|Any CPU.Build.0 = Release|Any CPU
		{7421755B-5FFC-48D5-805A-D4385B195088}.Debug|Any CPU.ActiveCfg = Debug|Any CPU
		{7421755B-5FFC-48D5-805A-D4385B195088}.Debug|Any CPU.Build.0 = Debug|Any CPU
		{7421755B-5FFC-48D5-805A-D4385B195088}.Release|Any CPU.ActiveCfg = Release|Any CPU
		{7421755B-5FFC-48D5-805A-D4385B195088}.Release|Any CPU.Build.0 = Release|Any CPU
	EndGlobalSection
	GlobalSection(SolutionProperties) = preSolution
		HideSolutionNode = FALSE
	EndGlobalSection
	GlobalSection(ExtensibilityGlobals) = postSolution
		SolutionGuid = {4A67F9C4-104D-4152-9E7D-D8EC27A65BAB}
	EndGlobalSection
EndGlobal
